
Microsoft Visual Studio Solution File, Format Version 12.00
# Visual Studio Version 17
VisualStudioVersion = 17.8.34309.116
MinimumVisualStudioVersion = 10.0.40219.1
Project("{FAE04EC0-301F-11D3-BF4B-00C04F79EFBC}") = "ApiCallDotNet", "ApiCallDotNet\ApiCallDotNet.csproj", "{7B32E518-7505-45D6-BA87-9B9621BAD039}"
EndProject
Global
	GlobalSection(SolutionConfigurationPlatforms) = preSolution
		Debug|Any CPU = Debug|Any CPU
		Release|Any CPU = Release|Any CPU
	EndGlobalSection
	GlobalSection(ProjectConfigurationPlatforms) = postSolution
		{7B32E518-7505-45D6-BA87-9B9621BAD039}.Debug|Any CPU.ActiveCfg = Debug|Any CPU
		{7B32E518-7505-45D6-BA87-9B9621BAD039}.Debug|Any CPU.Build.0 = Debug|Any CPU
		{7B32E518-7505-45D6-BA87-9B9621BAD039}.Release|Any CPU.ActiveCfg = Release|Any CPU
		{7B32E518-7505-45D6-BA87-9B9621BAD039}.Release|Any CPU.Build.0 = Release|Any CPU
	EndGlobalSection
	GlobalSection(SolutionProperties) = preSolution
		HideSolutionNode = FALSE
	EndGlobalSection
	GlobalSection(ExtensibilityGlobals) = postSolution
		SolutionGuid = {E1548E7D-550D-4E8B-8280-3C6EEBFDDC18}
	EndGlobalSection
EndGlobal
